# Generated by buf. DO NOT EDIT.
version: v1
deps:
  - remote: buf.build
    owner: bufbuild
    repository: buf
    commit: e3f5305297564e3299422a3a3763bda0
    digest: shake256:8df94e6dab632513389ac821908b5c0871c1491eca413d862a2c37668ff7a1c73cb0a51903faed9e376394835b7e46f37b2fbee2f435e23ddd261fe16839e7b4
  - remote: buf.build
    owner: flakkacode
    repository: flakka
    commit: b035ab67b5dd45cc81fabc30591fb5b5
    digest: shake256:484d5cb959816bb71406a14e4adde061aed054b9c5d9ab6900615648dc1662c4ab10e7f59035a45ac87b307fa19adcba224401e2af6f1ae24689267868241cee
