# Generated by buf. DO NOT EDIT.
version: v1
deps:
  - remote: buf.build
    owner: bufbuild
    repository: buf
    commit: e3f5305297564e3299422a3a3763bda0
    digest: shake256:8df94e6dab632513389ac821908b5c0871c1491eca413d862a2c37668ff7a1c73cb0a51903faed9e376394835b7e46f37b2fbee2f435e23ddd261fe16839e7b4
